
Microsoft Visual Studio Solution File, Format Version 12.00
# Visual Studio Version 16
VisualStudioVersion = 16.0.29709.97
MinimumVisualStudioVersion = 10.0.40219.1
Project("{FAE04EC0-301F-11D3-BF4B-00C04F79EFBC}") = "GosZakupkiBot", "GosZakupkiBot\GosZakupkiBot.csproj", "{E62BB109-4E85-43B0-A3F3-E2DD6D1FEE78}"
EndProject
Global
	GlobalSection(SolutionConfigurationPlatforms) = preSolution
		Debug|Any CPU = Debug|Any CPU
		Release|Any CPU = Release|Any CPU
	EndGlobalSection
	GlobalSection(ProjectConfigurationPlatforms) = postSolution
		{E62BB109-4E85-43B0-A3F3-E2DD6D1FEE78}.Debug|Any CPU.ActiveCfg = Debug|Any CPU
		{E62BB109-4E85-43B0-A3F3-E2DD6D1FEE78}.Debug|Any CPU.Build.0 = Debug|Any CPU
		{E62BB109-4E85-43B0-A3F3-E2DD6D1FEE78}.Release|Any CPU.ActiveCfg = Release|Any CPU
		{E62BB109-4E85-43B0-A3F3-E2DD6D1FEE78}.Release|Any CPU.Build.0 = Release|Any CPU
	EndGlobalSection
	GlobalSection(SolutionProperties) = preSolution
		HideSolutionNode = FALSE
	EndGlobalSection
	GlobalSection(ExtensibilityGlobals) = postSolution
		SolutionGuid = {BE8D54A0-BBEA-4D05-829A-2E657C6BF9D7}
	EndGlobalSection
EndGlobal
